# This file is automatically @generated by Cargo.
# It is not intended for manual editing.
version = 3

[[package]]
name = "elf-reader-rs"
version = "0.1.0"
dependencies = [
 "endianness",
]

[[package]]
name = "endianness"
version = "0.2.0"
source = "registry+https://github.com/rust-lang/crates.io-index"
checksum = "a436ddc6a16e6d54d8dcd33162f355c2e0d18ef63c2687bcc69423862a3db256"
